
Microsoft Visual Studio Solution File, Format Version 12.00
# Visual Studio Version 17
VisualStudioVersion = 17.9.34622.214
MinimumVisualStudioVersion = 10.0.40219.1
Project("{FAE04EC0-301F-11D3-BF4B-00C04F79EFBC}") = "pdfV", "pdfV.csproj", "{F866C8EC-959D-495A-BAC6-75158D76A218}"
EndProject
Global
	GlobalSection(SolutionConfigurationPlatforms) = preSolution
		Debug|Any CPU = Debug|Any CPU
		Release|Any CPU = Release|Any CPU
	EndGlobalSection
	GlobalSection(ProjectConfigurationPlatforms) = postSolution
		{F866C8EC-959D-495A-BAC6-75158D76A218}.Debug|Any CPU.ActiveCfg = Debug|Any CPU
		{F866C8EC-959D-495A-BAC6-75158D76A218}.Debug|Any CPU.Build.0 = Debug|Any CPU
		{F866C8EC-959D-495A-BAC6-75158D76A218}.Release|Any CPU.ActiveCfg = Release|Any CPU
		{F866C8EC-959D-495A-BAC6-75158D76A218}.Release|Any CPU.Build.0 = Release|Any CPU
	EndGlobalSection
	GlobalSection(SolutionProperties) = preSolution
		HideSolutionNode = FALSE
	EndGlobalSection
	GlobalSection(ExtensibilityGlobals) = postSolution
		SolutionGuid = {B69964A0-6CAA-4DC0-BAFA-CEAAC1F1412E}
	EndGlobalSection
EndGlobal
